<?xml version="1.0" encoding="utf-8"?>
<Project ToolsVersion="4.0" xmlns="http://schemas.microsoft.com/developer/msbuild/2003">
  <ItemGroup>
    <Filter Include="Renderer">
      <UniqueIdentifier>{321e9f53-fa2f-4499-8e55-d920fabfdc91}</UniqueIdentifier>
    </Filter>
    <Filter Include="Game">
      <UniqueIdentifier>{0262a84d-a488-48c1-a5d4-27e7c728cea0}</UniqueIdentifier>
    </Filter>
    <Filter Include="Tools">
      <UniqueIdentifier>{be0f6b7b-0f21-475d-9c6c-c6a083662eca}</UniqueIdentifier>
    </Filter>
    <Filter Include="UI">
      <UniqueIdentifier>{157dce9e-54b1-4739-9704-f91bd431c456}</UniqueIdentifier>
    </Filter>
    <Filter Include="Resources">
      <UniqueIdentifier>{cee4e22f-9534-41c0-81e5-308e485f7d75}</UniqueIdentifier>
    </Filter>
    <Filter Include="Tools\Loaders">
      <UniqueIdentifier>{b8bd1463-85a6-4c0b-8256-e1d66db1ee45}</UniqueIdentifier>
    </Filter>
    <Filter Include="Tools\Math">
      <UniqueIdentifier>{a3cd66db-e644-4c1f-a9e5-1858c948ee25}</UniqueIdentifier>
    </Filter>
  </ItemGroup>
  <ItemGroup>
    <ClCompile Include="src\main.cpp" />
    <ClCompile Include="src\stdafx.cpp" />
    <ClCompile Include="src\game\game.cpp">
      <Filter>Game</Filter>
    </ClCompile>
    <ClCompile Include="src\ui\ui.cpp">
      <Filter>UI</Filter>
    </ClCompile>
    <ClCompile Include="src\renderer\renderer.cpp">
      <Filter>Renderer</Filter>
    </ClCompile>
    <ClCompile Include="src\ui\input.cpp">
      <Filter>UI</Filter>
    </ClCompile>
    <ClCompile Include="src\game\camera.cpp">
      <Filter>Game</Filter>
    </ClCompile>
    <ClCompile Include="src\renderer\texture.cpp">
      <Filter>Renderer</Filter>
    </ClCompile>
    <ClCompile Include="src\tools\bitmap.cpp">
      <Filter>Tools\Loaders</Filter>
    </ClCompile>
    <ClCompile Include="src\tools\math.cpp">
      <Filter>Tools\Math</Filter>
    </ClCompile>
    <ClCompile Include="src\tools\quaternion.cpp">
      <Filter>Tools\Math</Filter>
    </ClCompile>
    <ClCompile Include="src\tools\timer.cpp">
      <Filter>Tools\Math</Filter>
    </ClCompile>
    <ClCompile Include="src\tools\vector.cpp">
      <Filter>Tools\Math</Filter>
    </ClCompile>
    <ClCompile Include="src\tools\obj.cpp">
      <Filter>Tools\Loaders</Filter>
    </ClCompile>
  </ItemGroup>
  <ItemGroup>
    <ClInclude Include="src\main.hpp" />
    <ClInclude Include="src\stdafx.hpp" />
    <ClInclude Include="src\game\game.hpp">
      <Filter>Game</Filter>
    </ClInclude>
    <ClInclude Include="src\ui\ui.hpp">
      <Filter>UI</Filter>
    </ClInclude>
    <ClInclude Include="src\renderer\renderer.hpp">
      <Filter>Renderer</Filter>
    </ClInclude>
    <ClInclude Include="src\ui\input.hpp">
      <Filter>UI</Filter>
    </ClInclude>
    <ClInclude Include="src\game\gcommon.hpp">
      <Filter>Game</Filter>
    </ClInclude>
    <ClInclude Include="src\game\camera.hpp">
      <Filter>Game</Filter>
    </ClInclude>
    <ClInclude Include="src\renderer\texture.hpp">
      <Filter>Renderer</Filter>
    </ClInclude>
    <ClInclude Include="src\tools\bitmap.hpp">
      <Filter>Tools\Loaders</Filter>
    </ClInclude>
    <ClInclude Include="src\tools\math.hpp">
      <Filter>Tools\Math</Filter>
    </ClInclude>
    <ClInclude Include="src\tools\quaternion.hpp">
      <Filter>Tools\Math</Filter>
    </ClInclude>
    <ClInclude Include="src\tools\timer.hpp">
      <Filter>Tools\Math</Filter>
    </ClInclude>
    <ClInclude Include="src\tools\vector.hpp">
      <Filter>Tools\Math</Filter>
    </ClInclude>
    <ClInclude Include="src\tools\obj.hpp">
      <Filter>Tools\Loaders</Filter>
    </ClInclude>
  </ItemGroup>
  <ItemGroup>
    <Image Include="resources\1_back6.bmp">
      <Filter>Resources</Filter>
    </Image>
    <Image Include="resources\1_bottom4.bmp">
      <Filter>Resources</Filter>
    </Image>
    <Image Include="resources\1_front5.bmp">
      <Filter>Resources</Filter>
    </Image>
    <Image Include="resources\1_left2.bmp">
      <Filter>Resources</Filter>
    </Image>
    <Image Include="resources\1_right1.bmp">
      <Filter>Resources</Filter>
    </Image>
    <Image Include="resources\1_top3.bmp">
      <Filter>Resources</Filter>
    </Image>
  </ItemGroup>
</Project>